// !$*UTF8*$!
{
	archiveVersion = 1;
	classes = {
	};
	objectVersion = 50;
	objects = {

/* Begin PBXBuildFile section */
		A6AD855D210A809B00B30161 /* AppDelegate.swift in Sources */ = {isa = PBXBuildFile; fileRef = A6AD855C210A809B00B30161 /* AppDelegate.swift */; };
		A6AD8562210A809B00B30161 /* Main.storyboard in Resources */ = {isa = PBXBuildFile; fileRef = A6AD8560210A809B00B30161 /* Main.storyboard */; };
		A6AD8564210A809E00B30161 /* Assets.xcassets in Resources */ = {isa = PBXBuildFile; fileRef = A6AD8563210A809E00B30161 /* Assets.xcassets */; };
		A6AD8567210A809E00B30161 /* LaunchScreen.storyboard in Resources */ = {isa = PBXBuildFile; fileRef = A6AD8565210A809E00B30161 /* LaunchScreen.storyboard */; };
		A6AD856F210A80C500B30161 /* Vote.swift in Sources */ = {isa = PBXBuildFile; fileRef = A6AD856E210A80C500B30161 /* Vote.swift */; };
		A6AD8575210A813D00B30161 /* VoteController.swift in Sources */ = {isa = PBXBuildFile; fileRef = A6AD8574210A813D00B30161 /* VoteController.swift */; };
		A6AD8577210A81CA00B30161 /* Voting.storyboard in Resources */ = {isa = PBXBuildFile; fileRef = A6AD8576210A81CA00B30161 /* Voting.storyboard */; };
		A6AD8579210A82B000B30161 /* VotingViewController.swift in Sources */ = {isa = PBXBuildFile; fileRef = A6AD8578210A82B000B30161 /* VotingViewController.swift */; };
		A6AD857B210A832A00B30161 /* Results.storyboard in Resources */ = {isa = PBXBuildFile; fileRef = A6AD857A210A832A00B30161 /* Results.storyboard */; };
		A6AD857D210A836F00B30161 /* ResultsTableViewController.swift in Sources */ = {isa = PBXBuildFile; fileRef = A6AD857C210A836F00B30161 /* ResultsTableViewController.swift */; };
		A6AD857F210A83CA00B30161 /* Combined.storyboard in Resources */ = {isa = PBXBuildFile; fileRef = A6AD857E210A83CA00B30161 /* Combined.storyboard */; };
		A6AD8581210A847500B30161 /* CombinedViewController.swift in Sources */ = {isa = PBXBuildFile; fileRef = A6AD8580210A847500B30161 /* CombinedViewController.swift */; };
		A6AD8583210A852700B30161 /* PollingTabBarViewController.swift in Sources */ = {isa = PBXBuildFile; fileRef = A6AD8582210A852700B30161 /* PollingTabBarViewController.swift */; };
		A6AD8585210A857100B30161 /* ViewControllerProtocol.swift in Sources */ = {isa = PBXBuildFile; fileRef = A6AD8584210A857100B30161 /* ViewControllerProtocol.swift */; };
/* End PBXBuildFile section */

/* Begin PBXFileReference section */
		A6AD8559210A809B00B30161 /* NewPoll.app */ = {isa = PBXFileReference; explicitFileType = wrapper.application; includeInIndex = 0; path = NewPoll.app; sourceTree = BUILT_PRODUCTS_DIR; };
		A6AD855C210A809B00B30161 /* AppDelegate.swift */ = {isa = PBXFileReference; lastKnownFileType = sourcecode.swift; path = AppDelegate.swift; sourceTree = "<group>"; };
		A6AD8561210A809B00B30161 /* Base */ = {isa = PBXFileReference; lastKnownFileType = file.storyboard; name = Base; path = Base.lproj/Main.storyboard; sourceTree = "<group>"; };
		A6AD8563210A809E00B30161 /* Assets.xcassets */ = {isa = PBXFileReference; lastKnownFileType = folder.assetcatalog; path = Assets.xcassets; sourceTree = "<group>"; };
		A6AD8566210A809E00B30161 /* Base */ = {isa = PBXFileReference; lastKnownFileType = file.storyboard; name = Base; path = Base.lproj/LaunchScreen.storyboard; sourceTree = "<group>"; };
		A6AD8568210A809E00B30161 /* Info.plist */ = {isa = PBXFileReference; lastKnownFileType = text.plist.xml; path = Info.plist; sourceTree = "<group>"; };
		A6AD856E210A80C500B30161 /* Vote.swift */ = {isa = PBXFileReference; lastKnownFileType = sourcecode.swift; path = Vote.swift; sourceTree = "<group>"; };
		A6AD8574210A813D00B30161 /* VoteController.swift */ = {isa = PBXFileReference; lastKnownFileType = sourcecode.swift; path = VoteController.swift; sourceTree = "<group>"; };
		A6AD8576210A81CA00B30161 /* Voting.storyboard */ = {isa = PBXFileReference; lastKnownFileType = file.storyboard; path = Voting.storyboard; sourceTree = "<group>"; };
		A6AD8578210A82B000B30161 /* VotingViewController.swift */ = {isa = PBXFileReference; lastKnownFileType = sourcecode.swift; path = VotingViewController.swift; sourceTree = "<group>"; };
		A6AD857A210A832A00B30161 /* Results.storyboard */ = {isa = PBXFileReference; lastKnownFileType = file.storyboard; path = Results.storyboard; sourceTree = "<group>"; };
		A6AD857C210A836F00B30161 /* ResultsTableViewController.swift */ = {isa = PBXFileReference; lastKnownFileType = sourcecode.swift; path = ResultsTableViewController.swift; sourceTree = "<group>"; };
		A6AD857E210A83CA00B30161 /* Combined.storyboard */ = {isa = PBXFileReference; lastKnownFileType = file.storyboard; path = Combined.storyboard; sourceTree = "<group>"; };
		A6AD8580210A847500B30161 /* CombinedViewController.swift */ = {isa = PBXFileReference; lastKnownFileType = sourcecode.swift; path = CombinedViewController.swift; sourceTree = "<group>"; };
		A6AD8582210A852700B30161 /* PollingTabBarViewController.swift */ = {isa = PBXFileReference; lastKnownFileType = sourcecode.swift; path = PollingTabBarViewController.swift; sourceTree = "<group>"; };
		A6AD8584210A857100B30161 /* ViewControllerProtocol.swift */ = {isa = PBXFileReference; lastKnownFileType = sourcecode.swift; path = ViewControllerProtocol.swift; sourceTree = "<group>"; };
/* End PBXFileReference section */

/* Begin PBXFrameworksBuildPhase section */
		A6AD8556210A809B00B30161 /* Frameworks */ = {
			isa = PBXFrameworksBuildPhase;
			buildActionMask = 2147483647;
			files = (
			);
			runOnlyForDeploymentPostprocessing = 0;
		};
/* End PBXFrameworksBuildPhase section */

/* Begin PBXGroup section */
		A6AD8550210A809A00B30161 = {
			isa = PBXGroup;
			children = (
				A6AD855B210A809B00B30161 /* NewPoll */,
				A6AD855A210A809B00B30161 /* Products */,
			);
			sourceTree = "<group>";
		};
		A6AD855A210A809B00B30161 /* Products */ = {
			isa = PBXGroup;
			children = (
				A6AD8559210A809B00B30161 /* NewPoll.app */,
			);
			name = Products;
			sourceTree = "<group>";
		};
		A6AD855B210A809B00B30161 /* NewPoll */ = {
			isa = PBXGroup;
			children = (
				A6AD855C210A809B00B30161 /* AppDelegate.swift */,
				A6AD8560210A809B00B30161 /* Main.storyboard */,
				A6AD8565210A809E00B30161 /* LaunchScreen.storyboard */,
				A6AD8568210A809E00B30161 /* Info.plist */,
				A6AD8570210A80CA00B30161 /* Model */,
				A6AD8571210A80D000B30161 /* ModelController */,
				A6AD8572210A80D700B30161 /* Views */,
				A6AD8573210A80DC00B30161 /* Controllers */,
			);
			path = NewPoll;
			sourceTree = "<group>";
		};
		A6AD8570210A80CA00B30161 /* Model */ = {
			isa = PBXGroup;
			children = (
				A6AD856E210A80C500B30161 /* Vote.swift */,
			);
			path = Model;
			sourceTree = "<group>";
		};
		A6AD8571210A80D000B30161 /* ModelController */ = {
			isa = PBXGroup;
			children = (
				A6AD8574210A813D00B30161 /* VoteController.swift */,
				A6AD8584210A857100B30161 /* ViewControllerProtocol.swift */,
			);
			path = ModelController;
			sourceTree = "<group>";
		};
		A6AD8572210A80D700B30161 /* Views */ = {
			isa = PBXGroup;
			children = (
				A6AD8563210A809E00B30161 /* Assets.xcassets */,
				A6AD8576210A81CA00B30161 /* Voting.storyboard */,
				A6AD857A210A832A00B30161 /* Results.storyboard */,
				A6AD857E210A83CA00B30161 /* Combined.storyboard */,
			);
			path = Views;
			sourceTree = "<group>";
		};
		A6AD8573210A80DC00B30161 /* Controllers */ = {
			isa = PBXGroup;
			children = (
				A6AD8580210A847500B30161 /* CombinedViewController.swift */,
				A6AD8582210A852700B30161 /* PollingTabBarViewController.swift */,
				A6AD857C210A836F00B30161 /* ResultsTableViewController.swift */,
				A6AD8578210A82B000B30161 /* VotingViewController.swift */,
			);
			path = Controllers;
			sourceTree = "<group>";
		};
/* End PBXGroup section */

/* Begin PBXNativeTarget section */
		A6AD8558210A809B00B30161 /* NewPoll */ = {
			isa = PBXNativeTarget;
			buildConfigurationList = A6AD856B210A809E00B30161 /* Build configuration list for PBXNativeTarget "NewPoll" */;
			buildPhases = (
				A6AD8555210A809B00B30161 /* Sources */,
				A6AD8556210A809B00B30161 /* Frameworks */,
				A6AD8557210A809B00B30161 /* Resources */,
			);
			buildRules = (
			);
			dependencies = (
			);
			name = NewPoll;
			productName = NewPoll;
			productReference = A6AD8559210A809B00B30161 /* NewPoll.app */;
			productType = "com.apple.product-type.application";
		};
/* End PBXNativeTarget section */

/* Begin PBXProject section */
		A6AD8551210A809A00B30161 /* Project object */ = {
			isa = PBXProject;
			attributes = {
				LastSwiftUpdateCheck = 0940;
				LastUpgradeCheck = 0940;
				ORGANIZATIONNAME = "David Oliver Doswell";
				TargetAttributes = {
					A6AD8558210A809B00B30161 = {
						CreatedOnToolsVersion = 9.4.1;
					};
				};
			};
			buildConfigurationList = A6AD8554210A809A00B30161 /* Build configuration list for PBXProject "NewPoll" */;
			compatibilityVersion = "Xcode 9.3";
			developmentRegion = en;
			hasScannedForEncodings = 0;
			knownRegions = (
				en,
				Base,
			);
			mainGroup = A6AD8550210A809A00B30161;
			productRefGroup = A6AD855A210A809B00B30161 /* Products */;
			projectDirPath = "";
			projectRoot = "";
			targets = (
				A6AD8558210A809B00B30161 /* NewPoll */,
			);
		};
/* End PBXProject section */

/* Begin PBXResourcesBuildPhase section */
		A6AD8557210A809B00B30161 /* Resources */ = {
			isa = PBXResourcesBuildPhase;
			buildActionMask = 2147483647;
			files = (
				A6AD8567210A809E00B30161 /* LaunchScreen.storyboard in Resources */,
				A6AD857B210A832A00B30161 /* Results.storyboard in Resources */,
				A6AD8564210A809E00B30161 /* Assets.xcassets in Resources */,
				A6AD8562210A809B00B30161 /* Main.storyboard in Resources */,
				A6AD8577210A81CA00B30161 /* Voting.storyboard in Resources */,
				A6AD857F210A83CA00B30161 /* Combined.storyboard in Resources */,
			);
			runOnlyForDeploymentPostprocessing = 0;
		};
/* End PBXResourcesBuildPhase section */

/* Begin PBXSourcesBuildPhase section */
		A6AD8555210A809B00B30161 /* Sources */ = {
			isa = PBXSourcesBuildPhase;
			buildActionMask = 2147483647;
			files = (
				A6AD8585210A857100B30161 /* ViewControllerProtocol.swift in Sources */,
				A6AD8575210A813D00B30161 /* VoteController.swift in Sources */,
				A6AD855D210A809B00B30161 /* AppDelegate.swift in Sources */,
				A6AD856F210A80C500B30161 /* Vote.swift in Sources */,
				A6AD8579210A82B000B30161 /* VotingViewController.swift in Sources */,
				A6AD857D210A836F00B30161 /* ResultsTableViewController.swift in Sources */,
				A6AD8581210A847500B30161 /* CombinedViewController.swift in Sources */,
				A6AD8583210A852700B30161 /* PollingTabBarViewController.swift in Sources */,
			);
			runOnlyForDeploymentPostprocessing = 0;
		};
/* End PBXSourcesBuildPhase section */

/* Begin PBXVariantGroup section */
		A6AD8560210A809B00B30161 /* Main.storyboard */ = {
			isa = PBXVariantGroup;
			children = (
				A6AD8561210A809B00B30161 /* Base */,
			);
			name = Main.storyboard;
			sourceTree = "<group>";
		};
		A6AD8565210A809E00B30161 /* LaunchScreen.storyboard */ = {
			isa = PBXVariantGroup;
			children = (
				A6AD8566210A809E00B30161 /* Base */,
			);
			name = LaunchScreen.storyboard;
			sourceTree = "<group>";
		};
/* End PBXVariantGroup section */

/* Begin XCBuildConfiguration section */
		A6AD8569210A809E00B30161 /* Debug */ = {
			isa = XCBuildConfiguration;
			buildSettings = {
				ALWAYS_SEARCH_USER_PATHS = NO;
				CLANG_ANALYZER_NONNULL = YES;
				CLANG_ANALYZER_NUMBER_OBJECT_CONVERSION = YES_AGGRESSIVE;
				CLANG_CXX_LANGUAGE_STANDARD = "gnu++14";
				CLANG_CXX_LIBRARY = "libc++";
				CLANG_ENABLE_MODULES = YES;
				CLANG_ENABLE_OBJC_ARC = YES;
				CLANG_ENABLE_OBJC_WEAK = YES;
				CLANG_WARN_BLOCK_CAPTURE_AUTORELEASING = YES;
				CLANG_WARN_BOOL_CONVERSION = YES;
				CLANG_WARN_COMMA = YES;
				CLANG_WARN_CONSTANT_CONVERSION = YES;
				CLANG_WARN_DEPRECATED_OBJC_IMPLEMENTATIONS = YES;
				CLANG_WARN_DIRECT_OBJC_ISA_USAGE = YES_ERROR;
				CLANG_WARN_DOCUMENTATION_COMMENTS = YES;
				CLANG_WARN_EMPTY_BODY = YES;
				CLANG_WARN_ENUM_CONVERSION = YES;
				CLANG_WARN_INFINITE_RECURSION = YES;
				CLANG_WARN_INT_CONVERSION = YES;
				CLANG_WARN_NON_LITERAL_NULL_CONVERSION = YES;
				CLANG_WARN_OBJC_IMPLICIT_RETAIN_SELF = YES;
				CLANG_WARN_OBJC_LITERAL_CONVERSION = YES;
				CLANG_WARN_OBJC_ROOT_CLASS = YES_ERROR;
				CLANG_WARN_RANGE_LOOP_ANALYSIS = YES;
				CLANG_WARN_STRICT_PROTOTYPES = YES;
				CLANG_WARN_SUSPICIOUS_MOVE = YES;
				CLANG_WARN_UNGUARDED_AVAILABILITY = YES_AGGRESSIVE;
				CLANG_WARN_UNREACHABLE_CODE = YES;
				CLANG_WARN__DUPLICATE_METHOD_MATCH = YES;
				CODE_SIGN_IDENTITY = "iPhone Developer";
				COPY_PHASE_STRIP = NO;
				DEBUG_INFORMATION_FORMAT = dwarf;
				ENABLE_STRICT_OBJC_MSGSEND = YES;
				ENABLE_TESTABILITY = YES;
				GCC_C_LANGUAGE_STANDARD = gnu11;
				GCC_DYNAMIC_NO_PIC = NO;
				GCC_NO_COMMON_BLOCKS = YES;
				GCC_OPTIMIZATION_LEVEL = 0;
				GCC_PREPROCESSOR_DEFINITIONS = (
					"DEBUG=1",
					"$(inherited)",
				);
				GCC_WARN_64_TO_32_BIT_CONVERSION = YES;
				GCC_WARN_ABOUT_RETURN_TYPE = YES_ERROR;
				GCC_WARN_UNDECLARED_SELECTOR = YES;
				GCC_WARN_UNINITIALIZED_AUTOS = YES_AGGRESSIVE;
				GCC_WARN_UNUSED_FUNCTION = YES;
				GCC_WARN_UNUSED_VARIABLE = YES;
				IPHONEOS_DEPLOYMENT_TARGET = 11.4;
				MTL_ENABLE_DEBUG_INFO = YES;
				ONLY_ACTIVE_ARCH = YES;
				SDKROOT = iphoneos;
				SWIFT_ACTIVE_COMPILATION_CONDITIONS = DEBUG;
				SWIFT_OPTIMIZATION_LEVEL = "-Onone";
			};
			name = Debug;
		};
		A6AD856A210A809E00B30161 /* Release */ = {
			isa = XCBuildConfiguration;
			buildSettings = {
				ALWAYS_SEARCH_USER_PATHS = NO;
				CLANG_ANALYZER_NONNULL = YES;
				CLANG_ANALYZER_NUMBER_OBJECT_CONVERSION = YES_AGGRESSIVE;
				CLANG_CXX_LANGUAGE_STANDARD = "gnu++14";
				CLANG_CXX_LIBRARY = "libc++";
				CLANG_ENABLE_MODULES = YES;
				CLANG_ENABLE_OBJC_ARC = YES;
				CLANG_ENABLE_OBJC_WEAK = YES;
				CLANG_WARN_BLOCK_CAPTURE_AUTORELEASING = YES;
				CLANG_WARN_BOOL_CONVERSION = YES;
				CLANG_WARN_COMMA = YES;
				CLANG_WARN_CONSTANT_CONVERSION = YES;
				CLANG_WARN_DEPRECATED_OBJC_IMPLEMENTATIONS = YES;
				CLANG_WARN_DIRECT_OBJC_ISA_USAGE = YES_ERROR;
				CLANG_WARN_DOCUMENTATION_COMMENTS = YES;
				CLANG_WARN_EMPTY_BODY = YES;
				CLANG_WARN_ENUM_CONVERSION = YES;
				CLANG_WARN_INFINITE_RECURSION = YES;
				CLANG_WARN_INT_CONVERSION = YES;
				CLANG_WARN_NON_LITERAL_NULL_CONVERSION = YES;
				CLANG_WARN_OBJC_IMPLICIT_RETAIN_SELF = YES;
				CLANG_WARN_OBJC_LITERAL_CONVERSION = YES;
				CLANG_WARN_OBJC_ROOT_CLASS = YES_ERROR;
				CLANG_WARN_RANGE_LOOP_ANALYSIS = YES;
				CLANG_WARN_STRICT_PROTOTYPES = YES;
				CLANG_WARN_SUSPICIOUS_MOVE = YES;
				CLANG_WARN_UNGUARDED_AVAILABILITY = YES_AGGRESSIVE;
				CLANG_WARN_UNREACHABLE_CODE = YES;
				CLANG_WARN__DUPLICATE_METHOD_MATCH = YES;
				CODE_SIGN_IDENTITY = "iPhone Developer";
				COPY_PHASE_STRIP = NO;
				DEBUG_INFORMATION_FORMAT = "dwarf-with-dsym";
				ENABLE_NS_ASSERTIONS = NO;
				ENABLE_STRICT_OBJC_MSGSEND = YES;
				GCC_C_LANGUAGE_STANDARD = gnu11;
				GCC_NO_COMMON_BLOCKS = YES;
				GCC_WARN_64_TO_32_BIT_CONVERSION = YES;
				GCC_WARN_ABOUT_RETURN_TYPE = YES_ERROR;
				GCC_WARN_UNDECLARED_SELECTOR = YES;
				GCC_WARN_UNINITIALIZED_AUTOS = YES_AGGRESSIVE;
				GCC_WARN_UNUSED_FUNCTION = YES;
				GCC_WARN_UNUSED_VARIABLE = YES;
				IPHONEOS_DEPLOYMENT_TARGET = 11.4;
				MTL_ENABLE_DEBUG_INFO = NO;
				SDKROOT = iphoneos;
				SWIFT_COMPILATION_MODE = wholemodule;
				SWIFT_OPTIMIZATION_LEVEL = "-O";
				VALIDATE_PRODUCT = YES;
			};
			name = Release;
		};
		A6AD856C210A809E00B30161 /* Debug */ = {
			isa = XCBuildConfiguration;
			buildSettings = {
				ASSETCATALOG_COMPILER_APPICON_NAME = AppIcon;
				CODE_SIGN_STYLE = Automatic;
				DEVELOPMENT_TEAM = 583SEL8QQU;
				INFOPLIST_FILE = NewPoll/Info.plist;
				LD_RUNPATH_SEARCH_PATHS = (
					"$(inherited)",
					"@executable_path/Frameworks",
				);
				PRODUCT_BUNDLE_IDENTIFIER = com.davidoliverdoswell.NewPoll;
				PRODUCT_NAME = "$(TARGET_NAME)";
				SWIFT_VERSION = 4.0;
				TARGETED_DEVICE_FAMILY = "1,2";
			};
			name = Debug;
		};
		A6AD856D210A809E00B30161 /* Release */ = {
			isa = XCBuildConfiguration;
			buildSettings = {
				ASSETCATALOG_COMPILER_APPICON_NAME = AppIcon;
				CODE_SIGN_STYLE = Automatic;
				DEVELOPMENT_TEAM = 583SEL8QQU;
				INFOPLIST_FILE = NewPoll/Info.plist;
				LD_RUNPATH_SEARCH_PATHS = (
					"$(inherited)",
					"@executable_path/Frameworks",
				);
				PRODUCT_BUNDLE_IDENTIFIER = com.davidoliverdoswell.NewPoll;
				PRODUCT_NAME = "$(TARGET_NAME)";
				SWIFT_VERSION = 4.0;
				TARGETED_DEVICE_FAMILY = "1,2";
			};
			name = Release;
		};
/* End XCBuildConfiguration section */

/* Begin XCConfigurationList section */
		A6AD8554210A809A00B30161 /* Build configuration list for PBXProject "NewPoll" */ = {
			isa = XCConfigurationList;
			buildConfigurations = (
				A6AD8569210A809E00B30161 /* Debug */,
				A6AD856A210A809E00B30161 /* Release */,
			);
			defaultConfigurationIsVisible = 0;
			defaultConfigurationName = Release;
		};
		A6AD856B210A809E00B30161 /* Build configuration list for PBXNativeTarget "NewPoll" */ = {
			isa = XCConfigurationList;
			buildConfigurations = (
				A6AD856C210A809E00B30161 /* Debug */,
				A6AD856D210A809E00B30161 /* Release */,
			);
			defaultConfigurationIsVisible = 0;
			defaultConfigurationName = Release;
		};
/* End XCConfigurationList section */
	};
	rootObject = A6AD8551210A809A00B30161 /* Project object */;
}
